
Microsoft Visual Studio Solution File, Format Version 12.00
# Visual Studio Version 16
VisualStudioVersion = 16.0.29411.138
MinimumVisualStudioVersion = 10.0.40219.1
Project("{8BC9CEB8-8B4A-11D0-8D11-00A0C91BC942}") = "ArchiveFiles", "ArchiveFiles\ArchiveFiles.vcxproj", "{A24FF24D-4CEA-46FA-995F-171A9641DE95}"
EndProject
Global
	GlobalSection(SolutionConfigurationPlatforms) = preSolution
		Debug|x64 = Debug|x64
		Debug|x86 = Debug|x86
		MinSizeRel|x64 = MinSizeRel|x64
		MinSizeRel|x86 = MinSizeRel|x86
		Release|x64 = Release|x64
		Release|x86 = Release|x86
		RelWithDebInfo|x64 = RelWithDebInfo|x64
		RelWithDebInfo|x86 = RelWithDebInfo|x86
	EndGlobalSection
	GlobalSection(ProjectConfigurationPlatforms) = postSolution
		{A24FF24D-4CEA-46FA-995F-171A9641DE95}.Debug|x64.ActiveCfg = Debug|x64
		{A24FF24D-4CEA-46FA-995F-171A9641DE95}.Debug|x64.Build.0 = Debug|x64
		{A24FF24D-4CEA-46FA-995F-171A9641DE95}.Debug|x86.ActiveCfg = Debug|Win32
		{A24FF24D-4CEA-46FA-995F-171A9641DE95}.Debug|x86.Build.0 = Debug|Win32
		{A24FF24D-4CEA-46FA-995F-171A9641DE95}.MinSizeRel|x64.ActiveCfg = Release|x64
		{A24FF24D-4CEA-46FA-995F-171A9641DE95}.MinSizeRel|x64.Build.0 = Release|x64
		{A24FF24D-4CEA-46FA-995F-171A9641DE95}.MinSizeRel|x86.ActiveCfg = Release|Win32
		{A24FF24D-4CEA-46FA-995F-171A9641DE95}.MinSizeRel|x86.Build.0 = Release|Win32
		{A24FF24D-4CEA-46FA-995F-171A9641DE95}.Release|x64.ActiveCfg = Release|x64
		{A24FF24D-4CEA-46FA-995F-171A9641DE95}.Release|x64.Build.0 = Release|x64
		{A24FF24D-4CEA-46FA-995F-171A9641DE95}.Release|x86.ActiveCfg = Release|Win32
		{A24FF24D-4CEA-46FA-995F-171A9641DE95}.Release|x86.Build.0 = Release|Win32
		{A24FF24D-4CEA-46FA-995F-171A9641DE95}.RelWithDebInfo|x64.ActiveCfg = Release|x64
		{A24FF24D-4CEA-46FA-995F-171A9641DE95}.RelWithDebInfo|x64.Build.0 = Release|x64
		{A24FF24D-4CEA-46FA-995F-171A9641DE95}.RelWithDebInfo|x86.ActiveCfg = Release|Win32
		{A24FF24D-4CEA-46FA-995F-171A9641DE95}.RelWithDebInfo|x86.Build.0 = Release|Win32
	EndGlobalSection
	GlobalSection(SolutionProperties) = preSolution
		HideSolutionNode = FALSE
	EndGlobalSection
	GlobalSection(ExtensibilityGlobals) = postSolution
		SolutionGuid = {43A17B4A-C7B3-4ACC-8D6B-A65A2A071F78}
	EndGlobalSection
EndGlobal
